
Microsoft Visual Studio Solution File, Format Version 12.00
# Visual Studio 2013
VisualStudioVersion = 12.0.40629.0
MinimumVisualStudioVersion = 10.0.40219.1
Project("{FAE04EC0-301F-11D3-BF4B-00C04F79EFBC}") = "Game.Html", "Game.Html\Game.Html.csproj", "{18F6DB40-F5BB-4E26-9DC6-2837CFDCBDC5}"
EndProject
Project("{FAE04EC0-301F-11D3-BF4B-00C04F79EFBC}") = "Game.Mvc", "Game.Mvc\Game.Mvc.csproj", "{2D32B20B-4127-4311-89B8-78D74E2763E9}"
EndProject
Global
	GlobalSection(SolutionConfigurationPlatforms) = preSolution
		Debug|Any CPU = Debug|Any CPU
		Release|Any CPU = Release|Any CPU
	EndGlobalSection
	GlobalSection(ProjectConfigurationPlatforms) = postSolution
		{18F6DB40-F5BB-4E26-9DC6-2837CFDCBDC5}.Debug|Any CPU.ActiveCfg = Debug|Any CPU
		{18F6DB40-F5BB-4E26-9DC6-2837CFDCBDC5}.Debug|Any CPU.Build.0 = Debug|Any CPU
		{18F6DB40-F5BB-4E26-9DC6-2837CFDCBDC5}.Release|Any CPU.ActiveCfg = Release|Any CPU
		{18F6DB40-F5BB-4E26-9DC6-2837CFDCBDC5}.Release|Any CPU.Build.0 = Release|Any CPU
		{2D32B20B-4127-4311-89B8-78D74E2763E9}.Debug|Any CPU.ActiveCfg = Debug|Any CPU
		{2D32B20B-4127-4311-89B8-78D74E2763E9}.Debug|Any CPU.Build.0 = Debug|Any CPU
		{2D32B20B-4127-4311-89B8-78D74E2763E9}.Release|Any CPU.ActiveCfg = Release|Any CPU
		{2D32B20B-4127-4311-89B8-78D74E2763E9}.Release|Any CPU.Build.0 = Release|Any CPU
	EndGlobalSection
	GlobalSection(SolutionProperties) = preSolution
		HideSolutionNode = FALSE
	EndGlobalSection
EndGlobal
